
Microsoft Visual Studio Solution File, Format Version 12.00
# Visual Studio 15
VisualStudioVersion = 15.0.27703.2035
MinimumVisualStudioVersion = 10.0.40219.1
Project("{FAE04EC0-301F-11D3-BF4B-00C04F79EFBC}") = "StajTakipUygulamasiService", "StajTakipUygulamasiService\StajTakipUygulamasiService.csproj", "{7529CF3A-AF88-4CA7-A701-77E0C3C99D5A}"
EndProject
Global
	GlobalSection(SolutionConfigurationPlatforms) = preSolution
		Debug|Any CPU = Debug|Any CPU
		Release|Any CPU = Release|Any CPU
	EndGlobalSection
	GlobalSection(ProjectConfigurationPlatforms) = postSolution
		{7529CF3A-AF88-4CA7-A701-77E0C3C99D5A}.Debug|Any CPU.ActiveCfg = Debug|Any CPU
		{7529CF3A-AF88-4CA7-A701-77E0C3C99D5A}.Debug|Any CPU.Build.0 = Debug|Any CPU
		{7529CF3A-AF88-4CA7-A701-77E0C3C99D5A}.Release|Any CPU.ActiveCfg = Release|Any CPU
		{7529CF3A-AF88-4CA7-A701-77E0C3C99D5A}.Release|Any CPU.Build.0 = Release|Any CPU
	EndGlobalSection
	GlobalSection(SolutionProperties) = preSolution
		HideSolutionNode = FALSE
	EndGlobalSection
	GlobalSection(ExtensibilityGlobals) = postSolution
		SolutionGuid = {3B2786C1-6BF9-4E5C-99E8-2C3B04B761FB}
	EndGlobalSection
EndGlobal
